
Microsoft Visual Studio Solution File, Format Version 12.00
# Visual Studio 15
VisualStudioVersion = 15.0.27703.2018
MinimumVisualStudioVersion = 10.0.40219.1
Project("{FAE04EC0-301F-11D3-BF4B-00C04F79EFBC}") = "Precog.Core", "Precog.Core\Precog.Core.csproj", "{76DEB38A-D33F-4E52-BAF3-66490814258D}"
EndProject
Project("{FAE04EC0-301F-11D3-BF4B-00C04F79EFBC}") = "Precog.UnitTests", "Precog.UnitTests\Precog.UnitTests.csproj", "{B7F61DF5-1808-4A54-9DF2-FB78903CF9CA}"
EndProject
Project("{FAE04EC0-301F-11D3-BF4B-00C04F79EFBC}") = "Precog.IntegrationTests", "Precog.IntegrationTests\Precog.IntegrationTests.csproj", "{E9E609D7-C74E-4C62-B85E-D46E2F1A9E78}"
	ProjectSection(ProjectDependencies) = postProject
		{CEE03859-CEFC-4F6F-BCD6-12785408F4D8} = {CEE03859-CEFC-4F6F-BCD6-12785408F4D8}
	EndProjectSection
EndProject
Project("{FAE04EC0-301F-11D3-BF4B-00C04F79EFBC}") = "Precog.WinForm", "Precog.MainForm\Precog.WinForm.csproj", "{CEE03859-CEFC-4F6F-BCD6-12785408F4D8}"
EndProject
Project("{2150E333-8FDC-42A3-9474-1A3956D46DE8}") = "Solution Items", "Solution Items", "{DDCDD20C-0DAC-4EF1-A9AD-D159E52C5559}"
	ProjectSection(SolutionItems) = preProject
		SvcUtil.exe = SvcUtil.exe
	EndProjectSection
EndProject
Global
	GlobalSection(SolutionConfigurationPlatforms) = preSolution
		Debug|Any CPU = Debug|Any CPU
		Release|Any CPU = Release|Any CPU
	EndGlobalSection
	GlobalSection(ProjectConfigurationPlatforms) = postSolution
		{76DEB38A-D33F-4E52-BAF3-66490814258D}.Debug|Any CPU.ActiveCfg = Debug|Any CPU
		{76DEB38A-D33F-4E52-BAF3-66490814258D}.Debug|Any CPU.Build.0 = Debug|Any CPU
		{76DEB38A-D33F-4E52-BAF3-66490814258D}.Release|Any CPU.ActiveCfg = Release|Any CPU
		{76DEB38A-D33F-4E52-BAF3-66490814258D}.Release|Any CPU.Build.0 = Release|Any CPU
		{B7F61DF5-1808-4A54-9DF2-FB78903CF9CA}.Debug|Any CPU.ActiveCfg = Debug|Any CPU
		{B7F61DF5-1808-4A54-9DF2-FB78903CF9CA}.Debug|Any CPU.Build.0 = Debug|Any CPU
		{B7F61DF5-1808-4A54-9DF2-FB78903CF9CA}.Release|Any CPU.ActiveCfg = Release|Any CPU
		{B7F61DF5-1808-4A54-9DF2-FB78903CF9CA}.Release|Any CPU.Build.0 = Release|Any CPU
		{E9E609D7-C74E-4C62-B85E-D46E2F1A9E78}.Debug|Any CPU.ActiveCfg = Debug|Any CPU
		{E9E609D7-C74E-4C62-B85E-D46E2F1A9E78}.Debug|Any CPU.Build.0 = Debug|Any CPU
		{E9E609D7-C74E-4C62-B85E-D46E2F1A9E78}.Release|Any CPU.ActiveCfg = Release|Any CPU
		{E9E609D7-C74E-4C62-B85E-D46E2F1A9E78}.Release|Any CPU.Build.0 = Release|Any CPU
		{CEE03859-CEFC-4F6F-BCD6-12785408F4D8}.Debug|Any CPU.ActiveCfg = Debug|Any CPU
		{CEE03859-CEFC-4F6F-BCD6-12785408F4D8}.Debug|Any CPU.Build.0 = Debug|Any CPU
		{CEE03859-CEFC-4F6F-BCD6-12785408F4D8}.Release|Any CPU.ActiveCfg = Release|Any CPU
		{CEE03859-CEFC-4F6F-BCD6-12785408F4D8}.Release|Any CPU.Build.0 = Release|Any CPU
	EndGlobalSection
	GlobalSection(SolutionProperties) = preSolution
		HideSolutionNode = FALSE
	EndGlobalSection
	GlobalSection(ExtensibilityGlobals) = postSolution
		SolutionGuid = {5CC5F924-0041-49C7-9AE4-71DE80C08C7E}
	EndGlobalSection
EndGlobal
